// !$*UTF8*$!
{
	archiveVersion = 1;
	classes = {
	};
	objectVersion = 46;
	objects = {

/* Begin PBXBuildFile section */
		33EEB6641B26D7710069DDBF /* main.m in Sources */ = {isa = PBXBuildFile; fileRef = 33EEB6631B26D7710069DDBF /* main.m */; };
		33EEB6671B26D7710069DDBF /* AppDelegate.m in Sources */ = {isa = PBXBuildFile; fileRef = 33EEB6661B26D7710069DDBF /* AppDelegate.m */; };
		33EEB66A1B26D7710069DDBF /* ViewController.m in Sources */ = {isa = PBXBuildFile; fileRef = 33EEB6691B26D7710069DDBF /* ViewController.m */; };
		33EEB66D1B26D7710069DDBF /* Main.storyboard in Resources */ = {isa = PBXBuildFile; fileRef = 33EEB66B1B26D7710069DDBF /* Main.storyboard */; };
		33EEB66F1B26D7710069DDBF /* Images.xcassets in Resources */ = {isa = PBXBuildFile; fileRef = 33EEB66E1B26D7710069DDBF /* Images.xcassets */; };
		33EEB6721B26D7710069DDBF /* LaunchScreen.xib in Resources */ = {isa = PBXBuildFile; fileRef = 33EEB6701B26D7710069DDBF /* LaunchScreen.xib */; };
		33EEB67E1B26D7710069DDBF /* aiyu2Tests.m in Sources */ = {isa = PBXBuildFile; fileRef = 33EEB67D1B26D7710069DDBF /* aiyu2Tests.m */; };
/* End PBXBuildFile section */

/* Begin PBXContainerItemProxy section */
		33EEB6781B26D7710069DDBF /* PBXContainerItemProxy */ = {
			isa = PBXContainerItemProxy;
			containerPortal = 33EEB6561B26D7710069DDBF /* Project object */;
			proxyType = 1;
			remoteGlobalIDString = 33EEB65D1B26D7710069DDBF;
			remoteInfo = aiyu2;
		};
/* End PBXContainerItemProxy section */

/* Begin PBXFileReference section */
		33EEB65E1B26D7710069DDBF /* aiyu2.app */ = {isa = PBXFileReference; explicitFileType = wrapper.application; includeInIndex = 0; path = aiyu2.app; sourceTree = BUILT_PRODUCTS_DIR; };
		33EEB6621B26D7710069DDBF /* Info.plist */ = {isa = PBXFileReference; lastKnownFileType = text.plist.xml; path = Info.plist; sourceTree = "<group>"; };
		33EEB6631B26D7710069DDBF /* main.m */ = {isa = PBXFileReference; lastKnownFileType = sourcecode.c.objc; path = main.m; sourceTree = "<group>"; };
		33EEB6651B26D7710069DDBF /* AppDelegate.h */ = {isa = PBXFileReference; lastKnownFileType = sourcecode.c.h; path = AppDelegate.h; sourceTree = "<group>"; };
		33EEB6661B26D7710069DDBF /* AppDelegate.m */ = {isa = PBXFileReference; lastKnownFileType = sourcecode.c.objc; path = AppDelegate.m; sourceTree = "<group>"; };
		33EEB6681B26D7710069DDBF /* ViewController.h */ = {isa = PBXFileReference; lastKnownFileType = sourcecode.c.h; path = ViewController.h; sourceTree = "<group>"; };
		33EEB6691B26D7710069DDBF /* ViewController.m */ = {isa = PBXFileReference; lastKnownFileType = sourcecode.c.objc; path = ViewController.m; sourceTree = "<group>"; };
		33EEB66C1B26D7710069DDBF /* Base */ = {isa = PBXFileReference; lastKnownFileType = file.storyboard; name = Base; path = Base.lproj/Main.storyboard; sourceTree = "<group>"; };
		33EEB66E1B26D7710069DDBF /* Images.xcassets */ = {isa = PBXFileReference; lastKnownFileType = folder.assetcatalog; path = Images.xcassets; sourceTree = "<group>"; };
		33EEB6711B26D7710069DDBF /* Base */ = {isa = PBXFileReference; lastKnownFileType = file.xib; name = Base; path = Base.lproj/LaunchScreen.xib; sourceTree = "<group>"; };
		33EEB6771B26D7710069DDBF /* aiyu2Tests.xctest */ = {isa = PBXFileReference; explicitFileType = wrapper.cfbundle; includeInIndex = 0; path = aiyu2Tests.xctest; sourceTree = BUILT_PRODUCTS_DIR; };
		33EEB67C1B26D7710069DDBF /* Info.plist */ = {isa = PBXFileReference; lastKnownFileType = text.plist.xml; path = Info.plist; sourceTree = "<group>"; };
		33EEB67D1B26D7710069DDBF /* aiyu2Tests.m */ = {isa = PBXFileReference; lastKnownFileType = sourcecode.c.objc; path = aiyu2Tests.m; sourceTree = "<group>"; };
/* End PBXFileReference section */

/* Begin PBXFrameworksBuildPhase section */
		33EEB65B1B26D7710069DDBF /* Frameworks */ = {
			isa = PBXFrameworksBuildPhase;
			buildActionMask = 2147483647;
			files = (
			);
			runOnlyForDeploymentPostprocessing = 0;
		};
		33EEB6741B26D7710069DDBF /* Frameworks */ = {
			isa = PBXFrameworksBuildPhase;
			buildActionMask = 2147483647;
			files = (
			);
			runOnlyForDeploymentPostprocessing = 0;
		};
/* End PBXFrameworksBuildPhase section */

/* Begin PBXGroup section */
		33EEB6551B26D7710069DDBF = {
			isa = PBXGroup;
			children = (
				33EEB6601B26D7710069DDBF /* aiyu2 */,
				33EEB67A1B26D7710069DDBF /* aiyu2Tests */,
				33EEB65F1B26D7710069DDBF /* Products */,
			);
			sourceTree = "<group>";
		};
		33EEB65F1B26D7710069DDBF /* Products */ = {
			isa = PBXGroup;
			children = (
				33EEB65E1B26D7710069DDBF /* aiyu2.app */,
				33EEB6771B26D7710069DDBF /* aiyu2Tests.xctest */,
			);
			name = Products;
			sourceTree = "<group>";
		};
		33EEB6601B26D7710069DDBF /* aiyu2 */ = {
			isa = PBXGroup;
			children = (
				33EEB6871B26D8270069DDBF /* Classes */,
				33EEB6651B26D7710069DDBF /* AppDelegate.h */,
				33EEB6661B26D7710069DDBF /* AppDelegate.m */,
				33EEB6681B26D7710069DDBF /* ViewController.h */,
				33EEB6691B26D7710069DDBF /* ViewController.m */,
				33EEB66B1B26D7710069DDBF /* Main.storyboard */,
				33EEB6701B26D7710069DDBF /* LaunchScreen.xib */,
				33EEB6611B26D7710069DDBF /* Supporting Files */,
			);
			path = aiyu2;
			sourceTree = "<group>";
		};
		33EEB6611B26D7710069DDBF /* Supporting Files */ = {
			isa = PBXGroup;
			children = (
				33EEB66E1B26D7710069DDBF /* Images.xcassets */,
				33EEB6621B26D7710069DDBF /* Info.plist */,
				33EEB6631B26D7710069DDBF /* main.m */,
			);
			name = "Supporting Files";
			sourceTree = "<group>";
		};
		33EEB67A1B26D7710069DDBF /* aiyu2Tests */ = {
			isa = PBXGroup;
			children = (
				33EEB67D1B26D7710069DDBF /* aiyu2Tests.m */,
				33EEB67B1B26D7710069DDBF /* Supporting Files */,
			);
			path = aiyu2Tests;
			sourceTree = "<group>";
		};
		33EEB67B1B26D7710069DDBF /* Supporting Files */ = {
			isa = PBXGroup;
			children = (
				33EEB67C1B26D7710069DDBF /* Info.plist */,
			);
			name = "Supporting Files";
			sourceTree = "<group>";
		};
		33EEB6871B26D8270069DDBF /* Classes */ = {
			isa = PBXGroup;
			children = (
				33EEB68A1B26D9D20069DDBF /* Lib(第三方) */,
				33EEB6891B26D9790069DDBF /* Main(主要) */,
			);
			path = Classes;
			sourceTree = "<group>";
		};
		33EEB6891B26D9790069DDBF /* Main(主要) */ = {
			isa = PBXGroup;
			children = (
				33EEB6911B26DBD90069DDBF /* Newfeature(新特性) */,
				33EEB68F1B26DB580069DDBF /* SetUp(设置) */,
				33EEB68E1B26DB330069DDBF /* LoveGrowth(爱情成长) */,
				33EEB68D1B26DA8D0069DDBF /* WeChat(聊天) */,
				33EEB68C1B26DA4D0069DDBF /* Regrsit(注册) */,
				33EEB68B1B26DA2E0069DDBF /* Login(登陆) */,
			);
			path = "Main(主要)";
			sourceTree = "<group>";
		};
		33EEB68A1B26D9D20069DDBF /* Lib(第三方) */ = {
			isa = PBXGroup;
			children = (
			);
			path = "Lib(第三方)";
			sourceTree = "<group>";
		};
		33EEB68B1B26DA2E0069DDBF /* Login(登陆) */ = {
			isa = PBXGroup;
			children = (
			);
			path = "Login(登陆)";
			sourceTree = "<group>";
		};
		33EEB68C1B26DA4D0069DDBF /* Regrsit(注册) */ = {
			isa = PBXGroup;
			children = (
			);
			path = "Regrsit(注册)";
			sourceTree = "<group>";
		};
		33EEB68D1B26DA8D0069DDBF /* WeChat(聊天) */ = {
			isa = PBXGroup;
			children = (
			);
			path = "WeChat(聊天)";
			sourceTree = "<group>";
		};
		33EEB68E1B26DB330069DDBF /* LoveGrowth(爱情成长) */ = {
			isa = PBXGroup;
			children = (
			);
			path = "LoveGrowth(爱情成长)";
			sourceTree = "<group>";
		};
		33EEB68F1B26DB580069DDBF /* SetUp(设置) */ = {
			isa = PBXGroup;
			children = (
			);
			path = "SetUp(设置)";
			sourceTree = "<group>";
		};
		33EEB6911B26DBD90069DDBF /* Newfeature(新特性) */ = {
			isa = PBXGroup;
			children = (
			);
			path = "Newfeature(新特性)";
			sourceTree = "<group>";
		};
/* End PBXGroup section */

/* Begin PBXNativeTarget section */
		33EEB65D1B26D7710069DDBF /* aiyu2 */ = {
			isa = PBXNativeTarget;
			buildConfigurationList = 33EEB6811B26D7710069DDBF /* Build configuration list for PBXNativeTarget "aiyu2" */;
			buildPhases = (
				33EEB65A1B26D7710069DDBF /* Sources */,
				33EEB65B1B26D7710069DDBF /* Frameworks */,
				33EEB65C1B26D7710069DDBF /* Resources */,
			);
			buildRules = (
			);
			dependencies = (
			);
			name = aiyu2;
			productName = aiyu2;
			productReference = 33EEB65E1B26D7710069DDBF /* aiyu2.app */;
			productType = "com.apple.product-type.application";
		};
		33EEB6761B26D7710069DDBF /* aiyu2Tests */ = {
			isa = PBXNativeTarget;
			buildConfigurationList = 33EEB6841B26D7710069DDBF /* Build configuration list for PBXNativeTarget "aiyu2Tests" */;
			buildPhases = (
				33EEB6731B26D7710069DDBF /* Sources */,
				33EEB6741B26D7710069DDBF /* Frameworks */,
				33EEB6751B26D7710069DDBF /* Resources */,
			);
			buildRules = (
			);
			dependencies = (
				33EEB6791B26D7710069DDBF /* PBXTargetDependency */,
			);
			name = aiyu2Tests;
			productName = aiyu2Tests;
			productReference = 33EEB6771B26D7710069DDBF /* aiyu2Tests.xctest */;
			productType = "com.apple.product-type.bundle.unit-test";
		};
/* End PBXNativeTarget section */

/* Begin PBXProject section */
		33EEB6561B26D7710069DDBF /* Project object */ = {
			isa = PBXProject;
			attributes = {
				LastUpgradeCheck = 0630;
				ORGANIZATIONNAME = kolin;
				TargetAttributes = {
					33EEB65D1B26D7710069DDBF = {
						CreatedOnToolsVersion = 6.3.2;
					};
					33EEB6761B26D7710069DDBF = {
						CreatedOnToolsVersion = 6.3.2;
						TestTargetID = 33EEB65D1B26D7710069DDBF;
					};
				};
			};
			buildConfigurationList = 33EEB6591B26D7710069DDBF /* Build configuration list for PBXProject "aiyu2" */;
			compatibilityVersion = "Xcode 3.2";
			developmentRegion = English;
			hasScannedForEncodings = 0;
			knownRegions = (
				en,
				Base,
			);
			mainGroup = 33EEB6551B26D7710069DDBF;
			productRefGroup = 33EEB65F1B26D7710069DDBF /* Products */;
			projectDirPath = "";
			projectRoot = "";
			targets = (
				33EEB65D1B26D7710069DDBF /* aiyu2 */,
				33EEB6761B26D7710069DDBF /* aiyu2Tests */,
			);
		};
/* End PBXProject section */

/* Begin PBXResourcesBuildPhase section */
		33EEB65C1B26D7710069DDBF /* Resources */ = {
			isa = PBXResourcesBuildPhase;
			buildActionMask = 2147483647;
			files = (
				33EEB66D1B26D7710069DDBF /* Main.storyboard in Resources */,
				33EEB6721B26D7710069DDBF /* LaunchScreen.xib in Resources */,
				33EEB66F1B26D7710069DDBF /* Images.xcassets in Resources */,
			);
			runOnlyForDeploymentPostprocessing = 0;
		};
		33EEB6751B26D7710069DDBF /* Resources */ = {
			isa = PBXResourcesBuildPhase;
			buildActionMask = 2147483647;
			files = (
			);
			runOnlyForDeploymentPostprocessing = 0;
		};
/* End PBXResourcesBuildPhase section */

/* Begin PBXSourcesBuildPhase section */
		33EEB65A1B26D7710069DDBF /* Sources */ = {
			isa = PBXSourcesBuildPhase;
			buildActionMask = 2147483647;
			files = (
				33EEB66A1B26D7710069DDBF /* ViewController.m in Sources */,
				33EEB6671B26D7710069DDBF /* AppDelegate.m in Sources */,
				33EEB6641B26D7710069DDBF /* main.m in Sources */,
			);
			runOnlyForDeploymentPostprocessing = 0;
		};
		33EEB6731B26D7710069DDBF /* Sources */ = {
			isa = PBXSourcesBuildPhase;
			buildActionMask = 2147483647;
			files = (
				33EEB67E1B26D7710069DDBF /* aiyu2Tests.m in Sources */,
			);
			runOnlyForDeploymentPostprocessing = 0;
		};
/* End PBXSourcesBuildPhase section */

/* Begin PBXTargetDependency section */
		33EEB6791B26D7710069DDBF /* PBXTargetDependency */ = {
			isa = PBXTargetDependency;
			target = 33EEB65D1B26D7710069DDBF /* aiyu2 */;
			targetProxy = 33EEB6781B26D7710069DDBF /* PBXContainerItemProxy */;
		};
/* End PBXTargetDependency section */

/* Begin PBXVariantGroup section */
		33EEB66B1B26D7710069DDBF /* Main.storyboard */ = {
			isa = PBXVariantGroup;
			children = (
				33EEB66C1B26D7710069DDBF /* Base */,
			);
			name = Main.storyboard;
			sourceTree = "<group>";
		};
		33EEB6701B26D7710069DDBF /* LaunchScreen.xib */ = {
			isa = PBXVariantGroup;
			children = (
				33EEB6711B26D7710069DDBF /* Base */,
			);
			name = LaunchScreen.xib;
			sourceTree = "<group>";
		};
/* End PBXVariantGroup section */

/* Begin XCBuildConfiguration section */
		33EEB67F1B26D7710069DDBF /* Debug */ = {
			isa = XCBuildConfiguration;
			buildSettings = {
				ALWAYS_SEARCH_USER_PATHS = NO;
				CLANG_CXX_LANGUAGE_STANDARD = "gnu++0x";
				CLANG_CXX_LIBRARY = "libc++";
				CLANG_ENABLE_MODULES = YES;
				CLANG_ENABLE_OBJC_ARC = YES;
				CLANG_WARN_BOOL_CONVERSION = YES;
				CLANG_WARN_CONSTANT_CONVERSION = YES;
				CLANG_WARN_DIRECT_OBJC_ISA_USAGE = YES_ERROR;
				CLANG_WARN_EMPTY_BODY = YES;
				CLANG_WARN_ENUM_CONVERSION = YES;
				CLANG_WARN_INT_CONVERSION = YES;
				CLANG_WARN_OBJC_ROOT_CLASS = YES_ERROR;
				CLANG_WARN_UNREACHABLE_CODE = YES;
				CLANG_WARN__DUPLICATE_METHOD_MATCH = YES;
				"CODE_SIGN_IDENTITY[sdk=iphoneos*]" = "iPhone Developer";
				COPY_PHASE_STRIP = NO;
				DEBUG_INFORMATION_FORMAT = "dwarf-with-dsym";
				ENABLE_STRICT_OBJC_MSGSEND = YES;
				GCC_C_LANGUAGE_STANDARD = gnu99;
				GCC_DYNAMIC_NO_PIC = NO;
				GCC_NO_COMMON_BLOCKS = YES;
				GCC_OPTIMIZATION_LEVEL = 0;
				GCC_PREPROCESSOR_DEFINITIONS = (
					"DEBUG=1",
					"$(inherited)",
				);
				GCC_SYMBOLS_PRIVATE_EXTERN = NO;
				GCC_WARN_64_TO_32_BIT_CONVERSION = YES;
				GCC_WARN_ABOUT_RETURN_TYPE = YES_ERROR;
				GCC_WARN_UNDECLARED_SELECTOR = YES;
				GCC_WARN_UNINITIALIZED_AUTOS = YES_AGGRESSIVE;
				GCC_WARN_UNUSED_FUNCTION = YES;
				GCC_WARN_UNUSED_VARIABLE = YES;
				IPHONEOS_DEPLOYMENT_TARGET = 8.3;
				MTL_ENABLE_DEBUG_INFO = YES;
				ONLY_ACTIVE_ARCH = YES;
				SDKROOT = iphoneos;
			};
			name = Debug;
		};
		33EEB6801B26D7710069DDBF /* Release */ = {
			isa = XCBuildConfiguration;
			buildSettings = {
				ALWAYS_SEARCH_USER_PATHS = NO;
				CLANG_CXX_LANGUAGE_STANDARD = "gnu++0x";
				CLANG_CXX_LIBRARY = "libc++";
				CLANG_ENABLE_MODULES = YES;
				CLANG_ENABLE_OBJC_ARC = YES;
				CLANG_WARN_BOOL_CONVERSION = YES;
				CLANG_WARN_CONSTANT_CONVERSION = YES;
				CLANG_WARN_DIRECT_OBJC_ISA_USAGE = YES_ERROR;
				CLANG_WARN_EMPTY_BODY = YES;
				CLANG_WARN_ENUM_CONVERSION = YES;
				CLANG_WARN_INT_CONVERSION = YES;
				CLANG_WARN_OBJC_ROOT_CLASS = YES_ERROR;
				CLANG_WARN_UNREACHABLE_CODE = YES;
				CLANG_WARN__DUPLICATE_METHOD_MATCH = YES;
				"CODE_SIGN_IDENTITY[sdk=iphoneos*]" = "iPhone Developer";
				COPY_PHASE_STRIP = NO;
				DEBUG_INFORMATION_FORMAT = "dwarf-with-dsym";
				ENABLE_NS_ASSERTIONS = NO;
				ENABLE_STRICT_OBJC_MSGSEND = YES;
				GCC_C_LANGUAGE_STANDARD = gnu99;
				GCC_NO_COMMON_BLOCKS = YES;
				GCC_WARN_64_TO_32_BIT_CONVERSION = YES;
				GCC_WARN_ABOUT_RETURN_TYPE = YES_ERROR;
				GCC_WARN_UNDECLARED_SELECTOR = YES;
				GCC_WARN_UNINITIALIZED_AUTOS = YES_AGGRESSIVE;
				GCC_WARN_UNUSED_FUNCTION = YES;
				GCC_WARN_UNUSED_VARIABLE = YES;
				IPHONEOS_DEPLOYMENT_TARGET = 8.3;
				MTL_ENABLE_DEBUG_INFO = NO;
				SDKROOT = iphoneos;
				VALIDATE_PRODUCT = YES;
			};
			name = Release;
		};
		33EEB6821B26D7710069DDBF /* Debug */ = {
			isa = XCBuildConfiguration;
			buildSettings = {
				ASSETCATALOG_COMPILER_APPICON_NAME = AppIcon;
				INFOPLIST_FILE = aiyu2/Info.plist;
				LD_RUNPATH_SEARCH_PATHS = "$(inherited) @executable_path/Frameworks";
				PRODUCT_NAME = "$(TARGET_NAME)";
			};
			name = Debug;
		};
		33EEB6831B26D7710069DDBF /* Release */ = {
			isa = XCBuildConfiguration;
			buildSettings = {
				ASSETCATALOG_COMPILER_APPICON_NAME = AppIcon;
				INFOPLIST_FILE = aiyu2/Info.plist;
				LD_RUNPATH_SEARCH_PATHS = "$(inherited) @executable_path/Frameworks";
				PRODUCT_NAME = "$(TARGET_NAME)";
			};
			name = Release;
		};
		33EEB6851B26D7710069DDBF /* Debug */ = {
			isa = XCBuildConfiguration;
			buildSettings = {
				BUNDLE_LOADER = "$(TEST_HOST)";
				FRAMEWORK_SEARCH_PATHS = (
					"$(SDKROOT)/Developer/Library/Frameworks",
					"$(inherited)",
				);
				GCC_PREPROCESSOR_DEFINITIONS = (
					"DEBUG=1",
					"$(inherited)",
				);
				INFOPLIST_FILE = aiyu2Tests/Info.plist;
				LD_RUNPATH_SEARCH_PATHS = "$(inherited) @executable_path/Frameworks @loader_path/Frameworks";
				PRODUCT_NAME = "$(TARGET_NAME)";
				TEST_HOST = "$(BUILT_PRODUCTS_DIR)/aiyu2.app/aiyu2";
			};
			name = Debug;
		};
		33EEB6861B26D7710069DDBF /* Release */ = {
			isa = XCBuildConfiguration;
			buildSettings = {
				BUNDLE_LOADER = "$(TEST_HOST)";
				FRAMEWORK_SEARCH_PATHS = (
					"$(SDKROOT)/Developer/Library/Frameworks",
					"$(inherited)",
				);
				INFOPLIST_FILE = aiyu2Tests/Info.plist;
				LD_RUNPATH_SEARCH_PATHS = "$(inherited) @executable_path/Frameworks @loader_path/Frameworks";
				PRODUCT_NAME = "$(TARGET_NAME)";
				TEST_HOST = "$(BUILT_PRODUCTS_DIR)/aiyu2.app/aiyu2";
			};
			name = Release;
		};
/* End XCBuildConfiguration section */

/* Begin XCConfigurationList section */
		33EEB6591B26D7710069DDBF /* Build configuration list for PBXProject "aiyu2" */ = {
			isa = XCConfigurationList;
			buildConfigurations = (
				33EEB67F1B26D7710069DDBF /* Debug */,
				33EEB6801B26D7710069DDBF /* Release */,
			);
			defaultConfigurationIsVisible = 0;
			defaultConfigurationName = Release;
		};
		33EEB6811B26D7710069DDBF /* Build configuration list for PBXNativeTarget "aiyu2" */ = {
			isa = XCConfigurationList;
			buildConfigurations = (
				33EEB6821B26D7710069DDBF /* Debug */,
				33EEB6831B26D7710069DDBF /* Release */,
			);
			defaultConfigurationIsVisible = 0;
		};
		33EEB6841B26D7710069DDBF /* Build configuration list for PBXNativeTarget "aiyu2Tests" */ = {
			isa = XCConfigurationList;
			buildConfigurations = (
				33EEB6851B26D7710069DDBF /* Debug */,
				33EEB6861B26D7710069DDBF /* Release */,
			);
			defaultConfigurationIsVisible = 0;
		};
/* End XCConfigurationList section */
	};
	rootObject = 33EEB6561B26D7710069DDBF /* Project object */;
}
